
Microsoft Visual Studio Solution File, Format Version 12.00
# Visual Studio Version 16
VisualStudioVersion = 16.0.33214.272
MinimumVisualStudioVersion = 10.0.40219.1
Project("{FAE04EC0-301F-11D3-BF4B-00C04F79EFBC}") = "week 3", "week 3\week 3.csproj", "{086CE677-F3D6-4197-B751-8482E197C3EA}"
EndProject
Global
	GlobalSection(SolutionConfigurationPlatforms) = preSolution
		Debug|Any CPU = Debug|Any CPU
		Release|Any CPU = Release|Any CPU
	EndGlobalSection
	GlobalSection(ProjectConfigurationPlatforms) = postSolution
		{086CE677-F3D6-4197-B751-8482E197C3EA}.Debug|Any CPU.ActiveCfg = Debug|Any CPU
		{086CE677-F3D6-4197-B751-8482E197C3EA}.Debug|Any CPU.Build.0 = Debug|Any CPU
		{086CE677-F3D6-4197-B751-8482E197C3EA}.Release|Any CPU.ActiveCfg = Release|Any CPU
		{086CE677-F3D6-4197-B751-8482E197C3EA}.Release|Any CPU.Build.0 = Release|Any CPU
	EndGlobalSection
	GlobalSection(SolutionProperties) = preSolution
		HideSolutionNode = FALSE
	EndGlobalSection
	GlobalSection(ExtensibilityGlobals) = postSolution
		SolutionGuid = {CCA7204D-AB75-41BC-A23C-CC29C01A892A}
	EndGlobalSection
EndGlobal
